
Microsoft Visual Studio Solution File, Format Version 12.00
# Visual Studio Version 16
VisualStudioVersion = 16.0.31729.503
MinimumVisualStudioVersion = 10.0.40219.1
Project("{888888A0-9F3D-457C-B088-3A5042F75D52}") = "work_with_fales", "work_with_fales.pyproj", "{7081CCE6-31A0-4470-9EB2-F9AB1EF627DE}"
EndProject
Global
	GlobalSection(SolutionConfigurationPlatforms) = preSolution
		Debug|Any CPU = Debug|Any CPU
		Release|Any CPU = Release|Any CPU
	EndGlobalSection
	GlobalSection(ProjectConfigurationPlatforms) = postSolution
		{7081CCE6-31A0-4470-9EB2-F9AB1EF627DE}.Debug|Any CPU.ActiveCfg = Debug|Any CPU
		{7081CCE6-31A0-4470-9EB2-F9AB1EF627DE}.Release|Any CPU.ActiveCfg = Release|Any CPU
	EndGlobalSection
	GlobalSection(SolutionProperties) = preSolution
		HideSolutionNode = FALSE
	EndGlobalSection
	GlobalSection(ExtensibilityGlobals) = postSolution
		SolutionGuid = {1C112B0C-BD73-46E6-9B77-FAC1F9ADF743}
	EndGlobalSection
EndGlobal
